
Microsoft Visual Studio Solution File, Format Version 12.00
# Visual Studio 15
VisualStudioVersion = 15.0.28010.2046
MinimumVisualStudioVersion = 10.0.40219.1
Project("{00D1A9C2-B5F0-4AF3-8072-F6C62B433612}") = "ChallengeDatabase", "ChallengeDatabase\ChallengeDatabase.sqlproj", "{09A43351-4738-41F6-B07D-895C4298C831}"
EndProject
Project("{FAE04EC0-301F-11D3-BF4B-00C04F79EFBC}") = "SSLChallengeWebApplication", "SSLChallengeWebApplication\SSLChallengeWebApplication.csproj", "{93511839-208F-4D89-891F-79B61E57320B}"
EndProject
Global
	GlobalSection(SolutionConfigurationPlatforms) = preSolution
		Debug|Any CPU = Debug|Any CPU
		Release|Any CPU = Release|Any CPU
	EndGlobalSection
	GlobalSection(ProjectConfigurationPlatforms) = postSolution
		{09A43351-4738-41F6-B07D-895C4298C831}.Debug|Any CPU.ActiveCfg = Debug|Any CPU
		{09A43351-4738-41F6-B07D-895C4298C831}.Debug|Any CPU.Build.0 = Debug|Any CPU
		{09A43351-4738-41F6-B07D-895C4298C831}.Debug|Any CPU.Deploy.0 = Debug|Any CPU
		{09A43351-4738-41F6-B07D-895C4298C831}.Release|Any CPU.ActiveCfg = Release|Any CPU
		{09A43351-4738-41F6-B07D-895C4298C831}.Release|Any CPU.Build.0 = Release|Any CPU
		{09A43351-4738-41F6-B07D-895C4298C831}.Release|Any CPU.Deploy.0 = Release|Any CPU
		{93511839-208F-4D89-891F-79B61E57320B}.Debug|Any CPU.ActiveCfg = Debug|Any CPU
		{93511839-208F-4D89-891F-79B61E57320B}.Debug|Any CPU.Build.0 = Debug|Any CPU
		{93511839-208F-4D89-891F-79B61E57320B}.Release|Any CPU.ActiveCfg = Release|Any CPU
		{93511839-208F-4D89-891F-79B61E57320B}.Release|Any CPU.Build.0 = Release|Any CPU
	EndGlobalSection
	GlobalSection(SolutionProperties) = preSolution
		HideSolutionNode = FALSE
	EndGlobalSection
	GlobalSection(ExtensibilityGlobals) = postSolution
		SolutionGuid = {A773EDF4-C606-4773-99AD-0D0A0F08B29C}
	EndGlobalSection
EndGlobal
